
Microsoft Visual Studio Solution File, Format Version 12.00
# Visual Studio 15
VisualStudioVersion = 15.0.27004.2002
MinimumVisualStudioVersion = 10.0.40219.1
Project("{FAE04EC0-301F-11D3-BF4B-00C04F79EFBC}") = "Identity.API", "Identity.API\Identity.API.csproj", "{BDF9E489-198A-4753-9287-110235CC6324}"
EndProject
Global
	GlobalSection(SolutionConfigurationPlatforms) = preSolution
		Debug|Any CPU = Debug|Any CPU
		Release|Any CPU = Release|Any CPU
	EndGlobalSection
	GlobalSection(ProjectConfigurationPlatforms) = postSolution
		{BDF9E489-198A-4753-9287-110235CC6324}.Debug|Any CPU.ActiveCfg = Debug|Any CPU
		{BDF9E489-198A-4753-9287-110235CC6324}.Debug|Any CPU.Build.0 = Debug|Any CPU
		{BDF9E489-198A-4753-9287-110235CC6324}.Release|Any CPU.ActiveCfg = Release|Any CPU
		{BDF9E489-198A-4753-9287-110235CC6324}.Release|Any CPU.Build.0 = Release|Any CPU
	EndGlobalSection
	GlobalSection(SolutionProperties) = preSolution
		HideSolutionNode = FALSE
	EndGlobalSection
	GlobalSection(ExtensibilityGlobals) = postSolution
		SolutionGuid = {5AAAD923-EC1A-425B-A42D-FD84C27C9E12}
	EndGlobalSection
EndGlobal
